
Microsoft Visual Studio Solution File, Format Version 12.00
# Visual Studio 14
VisualStudioVersion = 14.0.24720.0
MinimumVisualStudioVersion = 10.0.40219.1
Project("{FAE04EC0-301F-11D3-BF4B-00C04F79EFBC}") = "COMP2084-Lesson4", "COMP2084-Lesson4\COMP2084-Lesson4.csproj", "{B477591D-0111-4A96-9582-274B6C80358A}"
EndProject
Global
	GlobalSection(SolutionConfigurationPlatforms) = preSolution
		Debug|Any CPU = Debug|Any CPU
		Release|Any CPU = Release|Any CPU
	EndGlobalSection
	GlobalSection(ProjectConfigurationPlatforms) = postSolution
		{B477591D-0111-4A96-9582-274B6C80358A}.Debug|Any CPU.ActiveCfg = Debug|Any CPU
		{B477591D-0111-4A96-9582-274B6C80358A}.Debug|Any CPU.Build.0 = Debug|Any CPU
		{B477591D-0111-4A96-9582-274B6C80358A}.Release|Any CPU.ActiveCfg = Release|Any CPU
		{B477591D-0111-4A96-9582-274B6C80358A}.Release|Any CPU.Build.0 = Release|Any CPU
	EndGlobalSection
	GlobalSection(SolutionProperties) = preSolution
		HideSolutionNode = FALSE
	EndGlobalSection
EndGlobal
